// !$*UTF8*$!
{
	archiveVersion = 1;
	classes = {
	};
	objectVersion = 46;
	objects = {

/* Begin PBXBuildFile section */
		F0C66BE61C2EFB9C007AF643 /* main.cpp in Sources */ = {isa = PBXBuildFile; fileRef = F0C66BE51C2EFB9C007AF643 /* main.cpp */; };
		F0C66BEE1C2F36A8007AF643 /* test.cpp in Sources */ = {isa = PBXBuildFile; fileRef = F0C66BED1C2F36A8007AF643 /* test.cpp */; };
/* End PBXBuildFile section */

/* Begin PBXCopyFilesBuildPhase section */
		F0C66BE01C2EFB9C007AF643 /* CopyFiles */ = {
			isa = PBXCopyFilesBuildPhase;
			buildActionMask = 2147483647;
			dstPath = /usr/share/man/man1/;
			dstSubfolderSpec = 0;
			files = (
			);
			runOnlyForDeploymentPostprocessing = 1;
		};
/* End PBXCopyFilesBuildPhase section */

/* Begin PBXFileReference section */
		F0C66BE21C2EFB9C007AF643 /* LUAINCPP */ = {isa = PBXFileReference; explicitFileType = "compiled.mach-o.executable"; includeInIndex = 0; path = LUAINCPP; sourceTree = BUILT_PRODUCTS_DIR; };
		F0C66BE51C2EFB9C007AF643 /* main.cpp */ = {isa = PBXFileReference; lastKnownFileType = sourcecode.cpp.cpp; path = main.cpp; sourceTree = "<group>"; };
		F0C66BEC1C2EFD00007AF643 /* INCLUA.h */ = {isa = PBXFileReference; lastKnownFileType = sourcecode.c.h; path = INCLUA.h; sourceTree = "<group>"; };
		F0C66BED1C2F36A8007AF643 /* test.cpp */ = {isa = PBXFileReference; fileEncoding = 4; lastKnownFileType = sourcecode.cpp.cpp; path = test.cpp; sourceTree = "<group>"; };
/* End PBXFileReference section */

/* Begin PBXFrameworksBuildPhase section */
		F0C66BDF1C2EFB9C007AF643 /* Frameworks */ = {
			isa = PBXFrameworksBuildPhase;
			buildActionMask = 2147483647;
			files = (
			);
			runOnlyForDeploymentPostprocessing = 0;
		};
/* End PBXFrameworksBuildPhase section */

/* Begin PBXGroup section */
		F0C66BD91C2EFB9C007AF643 = {
			isa = PBXGroup;
			children = (
				F0C66BE41C2EFB9C007AF643 /* LUAINCPP */,
				F0C66BE31C2EFB9C007AF643 /* Products */,
			);
			sourceTree = "<group>";
		};
		F0C66BE31C2EFB9C007AF643 /* Products */ = {
			isa = PBXGroup;
			children = (
				F0C66BE21C2EFB9C007AF643 /* LUAINCPP */,
			);
			name = Products;
			sourceTree = "<group>";
		};
		F0C66BE41C2EFB9C007AF643 /* LUAINCPP */ = {
			isa = PBXGroup;
			children = (
				F0C66BEC1C2EFD00007AF643 /* INCLUA.h */,
				F0C66BE51C2EFB9C007AF643 /* main.cpp */,
				F0C66BED1C2F36A8007AF643 /* test.cpp */,
			);
			path = LUAINCPP;
			sourceTree = "<group>";
		};
/* End PBXGroup section */

/* Begin PBXNativeTarget section */
		F0C66BE11C2EFB9C007AF643 /* LUAINCPP */ = {
			isa = PBXNativeTarget;
			buildConfigurationList = F0C66BE91C2EFB9C007AF643 /* Build configuration list for PBXNativeTarget "LUAINCPP" */;
			buildPhases = (
				F0C66BDE1C2EFB9C007AF643 /* Sources */,
				F0C66BDF1C2EFB9C007AF643 /* Frameworks */,
				F0C66BE01C2EFB9C007AF643 /* CopyFiles */,
			);
			buildRules = (
			);
			dependencies = (
			);
			name = LUAINCPP;
			productName = LUAINCPP;
			productReference = F0C66BE21C2EFB9C007AF643 /* LUAINCPP */;
			productType = "com.apple.product-type.tool";
		};
/* End PBXNativeTarget section */

/* Begin PBXProject section */
		F0C66BDA1C2EFB9C007AF643 /* Project object */ = {
			isa = PBXProject;
			attributes = {
				LastUpgradeCheck = 0720;
				ORGANIZATIONNAME = "Jon Dicks";
				TargetAttributes = {
					F0C66BE11C2EFB9C007AF643 = {
						CreatedOnToolsVersion = 7.2;
					};
				};
			};
			buildConfigurationList = F0C66BDD1C2EFB9C007AF643 /* Build configuration list for PBXProject "LUAINCPP" */;
			compatibilityVersion = "Xcode 3.2";
			developmentRegion = English;
			hasScannedForEncodings = 0;
			knownRegions = (
				en,
			);
			mainGroup = F0C66BD91C2EFB9C007AF643;
			productRefGroup = F0C66BE31C2EFB9C007AF643 /* Products */;
			projectDirPath = "";
			projectRoot = "";
			targets = (
				F0C66BE11C2EFB9C007AF643 /* LUAINCPP */,
			);
		};
/* End PBXProject section */

/* Begin PBXSourcesBuildPhase section */
		F0C66BDE1C2EFB9C007AF643 /* Sources */ = {
			isa = PBXSourcesBuildPhase;
			buildActionMask = 2147483647;
			files = (
				F0C66BE61C2EFB9C007AF643 /* main.cpp in Sources */,
				F0C66BEE1C2F36A8007AF643 /* test.cpp in Sources */,
			);
			runOnlyForDeploymentPostprocessing = 0;
		};
/* End PBXSourcesBuildPhase section */

/* Begin XCBuildConfiguration section */
		F0C66BE71C2EFB9C007AF643 /* Debug */ = {
			isa = XCBuildConfiguration;
			buildSettings = {
				ALWAYS_SEARCH_USER_PATHS = NO;
				CLANG_CXX_LANGUAGE_STANDARD = "gnu++0x";
				CLANG_CXX_LIBRARY = "libc++";
				CLANG_ENABLE_MODULES = YES;
				CLANG_ENABLE_OBJC_ARC = YES;
				CLANG_WARN_BOOL_CONVERSION = YES;
				CLANG_WARN_CONSTANT_CONVERSION = YES;
				CLANG_WARN_DIRECT_OBJC_ISA_USAGE = YES_ERROR;
				CLANG_WARN_EMPTY_BODY = YES;
				CLANG_WARN_ENUM_CONVERSION = YES;
				CLANG_WARN_INT_CONVERSION = YES;
				CLANG_WARN_OBJC_ROOT_CLASS = YES_ERROR;
				CLANG_WARN_UNREACHABLE_CODE = YES;
				CLANG_WARN__DUPLICATE_METHOD_MATCH = YES;
				CODE_SIGN_IDENTITY = "-";
				COPY_PHASE_STRIP = NO;
				DEBUG_INFORMATION_FORMAT = dwarf;
				ENABLE_STRICT_OBJC_MSGSEND = YES;
				ENABLE_TESTABILITY = YES;
				GCC_C_LANGUAGE_STANDARD = gnu99;
				GCC_DYNAMIC_NO_PIC = NO;
				GCC_NO_COMMON_BLOCKS = YES;
				GCC_OPTIMIZATION_LEVEL = 0;
				GCC_PREPROCESSOR_DEFINITIONS = (
					"DEBUG=1",
					"$(inherited)",
				);
				GCC_WARN_64_TO_32_BIT_CONVERSION = YES;
				GCC_WARN_ABOUT_RETURN_TYPE = YES_ERROR;
				GCC_WARN_UNDECLARED_SELECTOR = YES;
				GCC_WARN_UNINITIALIZED_AUTOS = YES_AGGRESSIVE;
				GCC_WARN_UNUSED_FUNCTION = YES;
				GCC_WARN_UNUSED_VARIABLE = YES;
				MACOSX_DEPLOYMENT_TARGET = 10.11;
				MTL_ENABLE_DEBUG_INFO = YES;
				ONLY_ACTIVE_ARCH = YES;
				SDKROOT = macosx;
			};
			name = Debug;
		};
		F0C66BE81C2EFB9C007AF643 /* Release */ = {
			isa = XCBuildConfiguration;
			buildSettings = {
				ALWAYS_SEARCH_USER_PATHS = NO;
				CLANG_CXX_LANGUAGE_STANDARD = "gnu++0x";
				CLANG_CXX_LIBRARY = "libc++";
				CLANG_ENABLE_MODULES = YES;
				CLANG_ENABLE_OBJC_ARC = YES;
				CLANG_WARN_BOOL_CONVERSION = YES;
				CLANG_WARN_CONSTANT_CONVERSION = YES;
				CLANG_WARN_DIRECT_OBJC_ISA_USAGE = YES_ERROR;
				CLANG_WARN_EMPTY_BODY = YES;
				CLANG_WARN_ENUM_CONVERSION = YES;
				CLANG_WARN_INT_CONVERSION = YES;
				CLANG_WARN_OBJC_ROOT_CLASS = YES_ERROR;
				CLANG_WARN_UNREACHABLE_CODE = YES;
				CLANG_WARN__DUPLICATE_METHOD_MATCH = YES;
				CODE_SIGN_IDENTITY = "-";
				COPY_PHASE_STRIP = NO;
				DEBUG_INFORMATION_FORMAT = "dwarf-with-dsym";
				ENABLE_NS_ASSERTIONS = NO;
				ENABLE_STRICT_OBJC_MSGSEND = YES;
				GCC_C_LANGUAGE_STANDARD = gnu99;
				GCC_NO_COMMON_BLOCKS = YES;
				GCC_WARN_64_TO_32_BIT_CONVERSION = YES;
				GCC_WARN_ABOUT_RETURN_TYPE = YES_ERROR;
				GCC_WARN_UNDECLARED_SELECTOR = YES;
				GCC_WARN_UNINITIALIZED_AUTOS = YES_AGGRESSIVE;
				GCC_WARN_UNUSED_FUNCTION = YES;
				GCC_WARN_UNUSED_VARIABLE = YES;
				MACOSX_DEPLOYMENT_TARGET = 10.11;
				MTL_ENABLE_DEBUG_INFO = NO;
				SDKROOT = macosx;
			};
			name = Release;
		};
		F0C66BEA1C2EFB9C007AF643 /* Debug */ = {
			isa = XCBuildConfiguration;
			buildSettings = {
				"HEADER_SEARCH_PATHS[arch=*]" = /usr/local/include;
				"LIBRARY_SEARCH_PATHS[arch=*]" = /usr/local/lib;
				"OTHER_LDFLAGS[arch=*]" = "-llua";
				PRODUCT_NAME = "$(TARGET_NAME)";
			};
			name = Debug;
		};
		F0C66BEB1C2EFB9C007AF643 /* Release */ = {
			isa = XCBuildConfiguration;
			buildSettings = {
				"HEADER_SEARCH_PATHS[arch=*]" = /usr/local/include;
				"LIBRARY_SEARCH_PATHS[arch=*]" = /usr/local/lib;
				"OTHER_LDFLAGS[arch=*]" = "-llua";
				PRODUCT_NAME = "$(TARGET_NAME)";
			};
			name = Release;
		};
/* End XCBuildConfiguration section */

/* Begin XCConfigurationList section */
		F0C66BDD1C2EFB9C007AF643 /* Build configuration list for PBXProject "LUAINCPP" */ = {
			isa = XCConfigurationList;
			buildConfigurations = (
				F0C66BE71C2EFB9C007AF643 /* Debug */,
				F0C66BE81C2EFB9C007AF643 /* Release */,
			);
			defaultConfigurationIsVisible = 0;
			defaultConfigurationName = Release;
		};
		F0C66BE91C2EFB9C007AF643 /* Build configuration list for PBXNativeTarget "LUAINCPP" */ = {
			isa = XCConfigurationList;
			buildConfigurations = (
				F0C66BEA1C2EFB9C007AF643 /* Debug */,
				F0C66BEB1C2EFB9C007AF643 /* Release */,
			);
			defaultConfigurationIsVisible = 0;
		};
/* End XCConfigurationList section */
	};
	rootObject = F0C66BDA1C2EFB9C007AF643 /* Project object */;
}
